
Microsoft Visual Studio Solution File, Format Version 12.00
# Visual Studio 15
Project("{FAE04EC0-301F-11D3-BF4B-00C04F79EFBC}") = "Zesty.Core", "Zesty.Core\Zesty.Core.csproj", "{761EEFE7-858E-4AD5-B37B-A2632582F65D}"
EndProject
Project("{FAE04EC0-301F-11D3-BF4B-00C04F79EFBC}") = "Zesty.Web", "Zesty.Web\Zesty.Web.csproj", "{88259605-521F-461D-B78F-162DC973FBBF}"
EndProject
Global
	GlobalSection(SolutionConfigurationPlatforms) = preSolution
		Debug|Any CPU = Debug|Any CPU
		Release|Any CPU = Release|Any CPU
	EndGlobalSection
	GlobalSection(ProjectConfigurationPlatforms) = postSolution
		{761EEFE7-858E-4AD5-B37B-A2632582F65D}.Debug|Any CPU.ActiveCfg = Debug|Any CPU
		{761EEFE7-858E-4AD5-B37B-A2632582F65D}.Debug|Any CPU.Build.0 = Debug|Any CPU
		{761EEFE7-858E-4AD5-B37B-A2632582F65D}.Release|Any CPU.ActiveCfg = Release|Any CPU
		{761EEFE7-858E-4AD5-B37B-A2632582F65D}.Release|Any CPU.Build.0 = Release|Any CPU
		{88259605-521F-461D-B78F-162DC973FBBF}.Debug|Any CPU.ActiveCfg = Debug|Any CPU
		{88259605-521F-461D-B78F-162DC973FBBF}.Debug|Any CPU.Build.0 = Debug|Any CPU
		{88259605-521F-461D-B78F-162DC973FBBF}.Release|Any CPU.ActiveCfg = Release|Any CPU
		{88259605-521F-461D-B78F-162DC973FBBF}.Release|Any CPU.Build.0 = Release|Any CPU
	EndGlobalSection
EndGlobal
